
Microsoft Visual Studio Solution File, Format Version 12.00
# Visual Studio 15
VisualStudioVersion = 15.0.26124.0
MinimumVisualStudioVersion = 15.0.26124.0
Project("{FAE04EC0-301F-11D3-BF4B-00C04F79EFBC}") = "Dominio", "Dominio\Dominio.csproj", "{5E1A7631-D95E-409E-A6C5-3F6C2B36FF11}"
EndProject
Project("{FAE04EC0-301F-11D3-BF4B-00C04F79EFBC}") = "Aplicacion", "Aplicacion\Aplicacion.csproj", "{04456637-4FE3-4C52-98A8-79DE8785E411}"
EndProject
Project("{FAE04EC0-301F-11D3-BF4B-00C04F79EFBC}") = "Persistencia", "Persistencia\Persistencia.csproj", "{FB76D8EA-54F9-4835-AB04-A8DCA898E705}"
EndProject
Project("{FAE04EC0-301F-11D3-BF4B-00C04F79EFBC}") = "WebAPI", "WebAPI\WebAPI.csproj", "{470923CB-B0BC-4D9B-A3C4-6290FA9D1EE6}"
EndProject
Project("{FAE04EC0-301F-11D3-BF4B-00C04F79EFBC}") = "Seguridad", "Seguridad\Seguridad.csproj", "{735F9768-7D1A-47A5-9EB4-657F8248EE20}"
EndProject
Global
	GlobalSection(SolutionConfigurationPlatforms) = preSolution
		Debug|Any CPU = Debug|Any CPU
		Debug|x64 = Debug|x64
		Debug|x86 = Debug|x86
		Release|Any CPU = Release|Any CPU
		Release|x64 = Release|x64
		Release|x86 = Release|x86
	EndGlobalSection
	GlobalSection(SolutionProperties) = preSolution
		HideSolutionNode = FALSE
	EndGlobalSection
	GlobalSection(ProjectConfigurationPlatforms) = postSolution
		{5E1A7631-D95E-409E-A6C5-3F6C2B36FF11}.Debug|Any CPU.ActiveCfg = Debug|Any CPU
		{5E1A7631-D95E-409E-A6C5-3F6C2B36FF11}.Debug|Any CPU.Build.0 = Debug|Any CPU
		{5E1A7631-D95E-409E-A6C5-3F6C2B36FF11}.Debug|x64.ActiveCfg = Debug|Any CPU
		{5E1A7631-D95E-409E-A6C5-3F6C2B36FF11}.Debug|x64.Build.0 = Debug|Any CPU
		{5E1A7631-D95E-409E-A6C5-3F6C2B36FF11}.Debug|x86.ActiveCfg = Debug|Any CPU
		{5E1A7631-D95E-409E-A6C5-3F6C2B36FF11}.Debug|x86.Build.0 = Debug|Any CPU
		{5E1A7631-D95E-409E-A6C5-3F6C2B36FF11}.Release|Any CPU.ActiveCfg = Release|Any CPU
		{5E1A7631-D95E-409E-A6C5-3F6C2B36FF11}.Release|Any CPU.Build.0 = Release|Any CPU
		{5E1A7631-D95E-409E-A6C5-3F6C2B36FF11}.Release|x64.ActiveCfg = Release|Any CPU
		{5E1A7631-D95E-409E-A6C5-3F6C2B36FF11}.Release|x64.Build.0 = Release|Any CPU
		{5E1A7631-D95E-409E-A6C5-3F6C2B36FF11}.Release|x86.ActiveCfg = Release|Any CPU
		{5E1A7631-D95E-409E-A6C5-3F6C2B36FF11}.Release|x86.Build.0 = Release|Any CPU
		{04456637-4FE3-4C52-98A8-79DE8785E411}.Debug|Any CPU.ActiveCfg = Debug|Any CPU
		{04456637-4FE3-4C52-98A8-79DE8785E411}.Debug|Any CPU.Build.0 = Debug|Any CPU
		{04456637-4FE3-4C52-98A8-79DE8785E411}.Debug|x64.ActiveCfg = Debug|Any CPU
		{04456637-4FE3-4C52-98A8-79DE8785E411}.Debug|x64.Build.0 = Debug|Any CPU
		{04456637-4FE3-4C52-98A8-79DE8785E411}.Debug|x86.ActiveCfg = Debug|Any CPU
		{04456637-4FE3-4C52-98A8-79DE8785E411}.Debug|x86.Build.0 = Debug|Any CPU
		{04456637-4FE3-4C52-98A8-79DE8785E411}.Release|Any CPU.ActiveCfg = Release|Any CPU
		{04456637-4FE3-4C52-98A8-79DE8785E411}.Release|Any CPU.Build.0 = Release|Any CPU
		{04456637-4FE3-4C52-98A8-79DE8785E411}.Release|x64.ActiveCfg = Release|Any CPU
		{04456637-4FE3-4C52-98A8-79DE8785E411}.Release|x64.Build.0 = Release|Any CPU
		{04456637-4FE3-4C52-98A8-79DE8785E411}.Release|x86.ActiveCfg = Release|Any CPU
		{04456637-4FE3-4C52-98A8-79DE8785E411}.Release|x86.Build.0 = Release|Any CPU
		{FB76D8EA-54F9-4835-AB04-A8DCA898E705}.Debug|Any CPU.ActiveCfg = Debug|Any CPU
		{FB76D8EA-54F9-4835-AB04-A8DCA898E705}.Debug|Any CPU.Build.0 = Debug|Any CPU
		{FB76D8EA-54F9-4835-AB04-A8DCA898E705}.Debug|x64.ActiveCfg = Debug|Any CPU
		{FB76D8EA-54F9-4835-AB04-A8DCA898E705}.Debug|x64.Build.0 = Debug|Any CPU
		{FB76D8EA-54F9-4835-AB04-A8DCA898E705}.Debug|x86.ActiveCfg = Debug|Any CPU
		{FB76D8EA-54F9-4835-AB04-A8DCA898E705}.Debug|x86.Build.0 = Debug|Any CPU
		{FB76D8EA-54F9-4835-AB04-A8DCA898E705}.Release|Any CPU.ActiveCfg = Release|Any CPU
		{FB76D8EA-54F9-4835-AB04-A8DCA898E705}.Release|Any CPU.Build.0 = Release|Any CPU
		{FB76D8EA-54F9-4835-AB04-A8DCA898E705}.Release|x64.ActiveCfg = Release|Any CPU
		{FB76D8EA-54F9-4835-AB04-A8DCA898E705}.Release|x64.Build.0 = Release|Any CPU
		{FB76D8EA-54F9-4835-AB04-A8DCA898E705}.Release|x86.ActiveCfg = Release|Any CPU
		{FB76D8EA-54F9-4835-AB04-A8DCA898E705}.Release|x86.Build.0 = Release|Any CPU
		{470923CB-B0BC-4D9B-A3C4-6290FA9D1EE6}.Debug|Any CPU.ActiveCfg = Debug|Any CPU
		{470923CB-B0BC-4D9B-A3C4-6290FA9D1EE6}.Debug|Any CPU.Build.0 = Debug|Any CPU
		{470923CB-B0BC-4D9B-A3C4-6290FA9D1EE6}.Debug|x64.ActiveCfg = Debug|Any CPU
		{470923CB-B0BC-4D9B-A3C4-6290FA9D1EE6}.Debug|x64.Build.0 = Debug|Any CPU
		{470923CB-B0BC-4D9B-A3C4-6290FA9D1EE6}.Debug|x86.ActiveCfg = Debug|Any CPU
		{470923CB-B0BC-4D9B-A3C4-6290FA9D1EE6}.Debug|x86.Build.0 = Debug|Any CPU
		{470923CB-B0BC-4D9B-A3C4-6290FA9D1EE6}.Release|Any CPU.ActiveCfg = Release|Any CPU
		{470923CB-B0BC-4D9B-A3C4-6290FA9D1EE6}.Release|Any CPU.Build.0 = Release|Any CPU
		{470923CB-B0BC-4D9B-A3C4-6290FA9D1EE6}.Release|x64.ActiveCfg = Release|Any CPU
		{470923CB-B0BC-4D9B-A3C4-6290FA9D1EE6}.Release|x64.Build.0 = Release|Any CPU
		{470923CB-B0BC-4D9B-A3C4-6290FA9D1EE6}.Release|x86.ActiveCfg = Release|Any CPU
		{470923CB-B0BC-4D9B-A3C4-6290FA9D1EE6}.Release|x86.Build.0 = Release|Any CPU
		{735F9768-7D1A-47A5-9EB4-657F8248EE20}.Debug|Any CPU.ActiveCfg = Debug|Any CPU
		{735F9768-7D1A-47A5-9EB4-657F8248EE20}.Debug|Any CPU.Build.0 = Debug|Any CPU
		{735F9768-7D1A-47A5-9EB4-657F8248EE20}.Debug|x64.ActiveCfg = Debug|Any CPU
		{735F9768-7D1A-47A5-9EB4-657F8248EE20}.Debug|x64.Build.0 = Debug|Any CPU
		{735F9768-7D1A-47A5-9EB4-657F8248EE20}.Debug|x86.ActiveCfg = Debug|Any CPU
		{735F9768-7D1A-47A5-9EB4-657F8248EE20}.Debug|x86.Build.0 = Debug|Any CPU
		{735F9768-7D1A-47A5-9EB4-657F8248EE20}.Release|Any CPU.ActiveCfg = Release|Any CPU
		{735F9768-7D1A-47A5-9EB4-657F8248EE20}.Release|Any CPU.Build.0 = Release|Any CPU
		{735F9768-7D1A-47A5-9EB4-657F8248EE20}.Release|x64.ActiveCfg = Release|Any CPU
		{735F9768-7D1A-47A5-9EB4-657F8248EE20}.Release|x64.Build.0 = Release|Any CPU
		{735F9768-7D1A-47A5-9EB4-657F8248EE20}.Release|x86.ActiveCfg = Release|Any CPU
		{735F9768-7D1A-47A5-9EB4-657F8248EE20}.Release|x86.Build.0 = Release|Any CPU
	EndGlobalSection
EndGlobal
